
Microsoft Visual Studio Solution File, Format Version 12.00
# Visual Studio Version 17
VisualStudioVersion = 17.6.33815.320
MinimumVisualStudioVersion = 10.0.40219.1
Project("{9A19103F-16F7-4668-BE54-9A1E7A4F7556}") = "Dal", "Dal\Dal.csproj", "{0256D834-9229-4654-9B17-B391984F8AE6}"
EndProject
Project("{9A19103F-16F7-4668-BE54-9A1E7A4F7556}") = "Bl", "Bl\Bl.csproj", "{6D3B9569-AD67-4A2E-B0DE-E20C005353C6}"
EndProject
Project("{9A19103F-16F7-4668-BE54-9A1E7A4F7556}") = "Ui", "Ui\Ui.csproj", "{6D85FA3F-CDE9-44DD-8429-39401A515C5A}"
EndProject
Project("{FAE04EC0-301F-11D3-BF4B-00C04F79EFBC}") = "program", "program\program.csproj", "{6CE6DC56-17B6-40CC-BB11-8D90AFEB81E4}"
EndProject
Global
	GlobalSection(SolutionConfigurationPlatforms) = preSolution
		Debug|Any CPU = Debug|Any CPU
		Debug|x64 = Debug|x64
		Debug|x86 = Debug|x86
		Release|Any CPU = Release|Any CPU
		Release|x64 = Release|x64
		Release|x86 = Release|x86
	EndGlobalSection
	GlobalSection(ProjectConfigurationPlatforms) = postSolution
		{0256D834-9229-4654-9B17-B391984F8AE6}.Debug|Any CPU.ActiveCfg = Debug|Any CPU
		{0256D834-9229-4654-9B17-B391984F8AE6}.Debug|Any CPU.Build.0 = Debug|Any CPU
		{0256D834-9229-4654-9B17-B391984F8AE6}.Debug|x64.ActiveCfg = Debug|Any CPU
		{0256D834-9229-4654-9B17-B391984F8AE6}.Debug|x64.Build.0 = Debug|Any CPU
		{0256D834-9229-4654-9B17-B391984F8AE6}.Debug|x86.ActiveCfg = Debug|Any CPU
		{0256D834-9229-4654-9B17-B391984F8AE6}.Debug|x86.Build.0 = Debug|Any CPU
		{0256D834-9229-4654-9B17-B391984F8AE6}.Release|Any CPU.ActiveCfg = Release|Any CPU
		{0256D834-9229-4654-9B17-B391984F8AE6}.Release|Any CPU.Build.0 = Release|Any CPU
		{0256D834-9229-4654-9B17-B391984F8AE6}.Release|x64.ActiveCfg = Release|Any CPU
		{0256D834-9229-4654-9B17-B391984F8AE6}.Release|x64.Build.0 = Release|Any CPU
		{0256D834-9229-4654-9B17-B391984F8AE6}.Release|x86.ActiveCfg = Release|Any CPU
		{0256D834-9229-4654-9B17-B391984F8AE6}.Release|x86.Build.0 = Release|Any CPU
		{6D3B9569-AD67-4A2E-B0DE-E20C005353C6}.Debug|Any CPU.ActiveCfg = Debug|Any CPU
		{6D3B9569-AD67-4A2E-B0DE-E20C005353C6}.Debug|Any CPU.Build.0 = Debug|Any CPU
		{6D3B9569-AD67-4A2E-B0DE-E20C005353C6}.Debug|x64.ActiveCfg = Debug|Any CPU
		{6D3B9569-AD67-4A2E-B0DE-E20C005353C6}.Debug|x64.Build.0 = Debug|Any CPU
		{6D3B9569-AD67-4A2E-B0DE-E20C005353C6}.Debug|x86.ActiveCfg = Debug|Any CPU
		{6D3B9569-AD67-4A2E-B0DE-E20C005353C6}.Debug|x86.Build.0 = Debug|Any CPU
		{6D3B9569-AD67-4A2E-B0DE-E20C005353C6}.Release|Any CPU.ActiveCfg = Release|Any CPU
		{6D3B9569-AD67-4A2E-B0DE-E20C005353C6}.Release|Any CPU.Build.0 = Release|Any CPU
		{6D3B9569-AD67-4A2E-B0DE-E20C005353C6}.Release|x64.ActiveCfg = Release|Any CPU
		{6D3B9569-AD67-4A2E-B0DE-E20C005353C6}.Release|x64.Build.0 = Release|Any CPU
		{6D3B9569-AD67-4A2E-B0DE-E20C005353C6}.Release|x86.ActiveCfg = Release|Any CPU
		{6D3B9569-AD67-4A2E-B0DE-E20C005353C6}.Release|x86.Build.0 = Release|Any CPU
		{6D85FA3F-CDE9-44DD-8429-39401A515C5A}.Debug|Any CPU.ActiveCfg = Debug|Any CPU
		{6D85FA3F-CDE9-44DD-8429-39401A515C5A}.Debug|Any CPU.Build.0 = Debug|Any CPU
		{6D85FA3F-CDE9-44DD-8429-39401A515C5A}.Debug|x64.ActiveCfg = Debug|Any CPU
		{6D85FA3F-CDE9-44DD-8429-39401A515C5A}.Debug|x64.Build.0 = Debug|Any CPU
		{6D85FA3F-CDE9-44DD-8429-39401A515C5A}.Debug|x86.ActiveCfg = Debug|Any CPU
		{6D85FA3F-CDE9-44DD-8429-39401A515C5A}.Debug|x86.Build.0 = Debug|Any CPU
		{6D85FA3F-CDE9-44DD-8429-39401A515C5A}.Release|Any CPU.ActiveCfg = Release|Any CPU
		{6D85FA3F-CDE9-44DD-8429-39401A515C5A}.Release|Any CPU.Build.0 = Release|Any CPU
		{6D85FA3F-CDE9-44DD-8429-39401A515C5A}.Release|x64.ActiveCfg = Release|Any CPU
		{6D85FA3F-CDE9-44DD-8429-39401A515C5A}.Release|x64.Build.0 = Release|Any CPU
		{6D85FA3F-CDE9-44DD-8429-39401A515C5A}.Release|x86.ActiveCfg = Release|Any CPU
		{6D85FA3F-CDE9-44DD-8429-39401A515C5A}.Release|x86.Build.0 = Release|Any CPU
		{6CE6DC56-17B6-40CC-BB11-8D90AFEB81E4}.Debug|Any CPU.ActiveCfg = Debug|Any CPU
		{6CE6DC56-17B6-40CC-BB11-8D90AFEB81E4}.Debug|Any CPU.Build.0 = Debug|Any CPU
		{6CE6DC56-17B6-40CC-BB11-8D90AFEB81E4}.Debug|x64.ActiveCfg = Debug|Any CPU
		{6CE6DC56-17B6-40CC-BB11-8D90AFEB81E4}.Debug|x64.Build.0 = Debug|Any CPU
		{6CE6DC56-17B6-40CC-BB11-8D90AFEB81E4}.Debug|x86.ActiveCfg = Debug|Any CPU
		{6CE6DC56-17B6-40CC-BB11-8D90AFEB81E4}.Debug|x86.Build.0 = Debug|Any CPU
		{6CE6DC56-17B6-40CC-BB11-8D90AFEB81E4}.Release|Any CPU.ActiveCfg = Release|Any CPU
		{6CE6DC56-17B6-40CC-BB11-8D90AFEB81E4}.Release|Any CPU.Build.0 = Release|Any CPU
		{6CE6DC56-17B6-40CC-BB11-8D90AFEB81E4}.Release|x64.ActiveCfg = Release|Any CPU
		{6CE6DC56-17B6-40CC-BB11-8D90AFEB81E4}.Release|x64.Build.0 = Release|Any CPU
		{6CE6DC56-17B6-40CC-BB11-8D90AFEB81E4}.Release|x86.ActiveCfg = Release|Any CPU
		{6CE6DC56-17B6-40CC-BB11-8D90AFEB81E4}.Release|x86.Build.0 = Release|Any CPU
	EndGlobalSection
	GlobalSection(SolutionProperties) = preSolution
		HideSolutionNode = FALSE
	EndGlobalSection
	GlobalSection(ExtensibilityGlobals) = postSolution
		SolutionGuid = {CA70A87D-DD90-471D-94E6-04046790DB5E}
	EndGlobalSection
EndGlobal
